Microsoft Visual Studio Solution File, Format Version 10.00
# Visual Studio 2008
Project("{F184B08F-C81C-45F6-A57F-5ABD9991F28F}") = "DAL", "DAL\DAL.vbproj", "{4358D9C5-B78C-4E91-9279-05CCE29EE9C8}"
EndProject
Project("{F184B08F-C81C-45F6-A57F-5ABD9991F28F}") = "DBL", "DBL\DBL.vbproj", "{E00D9114-7183-4AD0-BFBA-5DDD3B2046A7}"
EndProject
Project("{F184B08F-C81C-45F6-A57F-5ABD9991F28F}") = "QueTool", "QUETOOL\QueTool.vbproj", "{8D80F0B3-6626-42FC-A7C4-51399CD4AB23}"
EndProject
Project("{F184B08F-C81C-45F6-A57F-5ABD9991F28F}") = "Framework", "Framework\Framework.vbproj", "{35CF9F8E-7FDE-4889-A8DF-52825CCCEBD4}"
EndProject
Project("{F184B08F-C81C-45F6-A57F-5ABD9991F28F}") = "Excepciones", "Excepciones\Excepciones.vbproj", "{1E5A1777-96B5-45B3-84A5-5AAFE21BA0FA}"
EndProject
Project("{FAE04EC0-301F-11D3-BF4B-00C04F79EFBC}") = "MSL", "MSL\MSL.csproj", "{1000C9CD-0CA9-4A92-9FEE-1723E43391C7}"
EndProject
Project("{FAE04EC0-301F-11D3-BF4B-00C04F79EFBC}") = "SIM", "SIM\SIM.csproj", "{D8106E49-ECF3-4ECB-B4A2-172DC2F5F78F}"
EndProject
Project("{2150E333-8FDC-42A3-9474-1A3956D46DE8}") = "Referencias", "Referencias", "{3BC8FACC-6562-4C8D-9F47-978E80B9287D}"
	ProjectSection(SolutionItems) = preProject
		REFERENCIAS\Aga.Controls.dll = REFERENCIAS\Aga.Controls.dll
		REFERENCIAS\AMS.Profile.dll = REFERENCIAS\AMS.Profile.dll
		REFERENCIAS\Everest\AMS.Profile.dll = REFERENCIAS\Everest\AMS.Profile.dll
		REFERENCIAS\AxInterop.DynamiCubeLib.dll = REFERENCIAS\AxInterop.DynamiCubeLib.dll
		REFERENCIAS\Everest\AxInterop.DynamiCubeLib.dll = REFERENCIAS\Everest\AxInterop.DynamiCubeLib.dll
		REFERENCIAS\AxInterop.prjJanChart.dll = REFERENCIAS\AxInterop.prjJanChart.dll
		REFERENCIAS\Everest\AxInterop.prjJanChart.dll = REFERENCIAS\Everest\AxInterop.prjJanChart.dll
		REFERENCIAS\AxInterop.SHDocVw.dll = REFERENCIAS\AxInterop.SHDocVw.dll
		REFERENCIAS\Everest\AxInterop.SHDocVw.dll = REFERENCIAS\Everest\AxInterop.SHDocVw.dll
		REFERENCIAS\AxInterop.VCF150.dll = REFERENCIAS\AxInterop.VCF150.dll
		REFERENCIAS\Everest\AxInterop.VCF150.dll = REFERENCIAS\Everest\AxInterop.VCF150.dll
		REFERENCIAS\AxInterop.WMPLib.dll = REFERENCIAS\AxInterop.WMPLib.dll
		REFERENCIAS\Everest\AxInterop.WMPLib.dll = REFERENCIAS\Everest\AxInterop.WMPLib.dll
		REFERENCIAS\C1.Win.C1Command.2.dll = REFERENCIAS\C1.Win.C1Command.2.dll
		REFERENCIAS\C1.Win.C1FlexGrid.2.dll = REFERENCIAS\C1.Win.C1FlexGrid.2.dll
		REFERENCIAS\CrystalDecisions.CrystalReports.Engine.dll = REFERENCIAS\CrystalDecisions.CrystalReports.Engine.dll
		REFERENCIAS\CrystalDecisions.Enterprise.Framework.dll = REFERENCIAS\CrystalDecisions.Enterprise.Framework.dll
		REFERENCIAS\CrystalDecisions.Enterprise.InfoStore.dll = REFERENCIAS\CrystalDecisions.Enterprise.InfoStore.dll
		REFERENCIAS\CrystalDecisions.ReportSource.dll = REFERENCIAS\CrystalDecisions.ReportSource.dll
		REFERENCIAS\CrystalDecisions.Shared.dll = REFERENCIAS\CrystalDecisions.Shared.dll
		REFERENCIAS\CrystalDecisions.Windows.Forms.dll = REFERENCIAS\CrystalDecisions.Windows.Forms.dll
		REFERENCIAS\Everest\Everest.exe.ini = REFERENCIAS\Everest\Everest.exe.ini
		REFERENCIAS\Everest\Everest.exe.xml = REFERENCIAS\Everest\Everest.exe.xml
		REFERENCIAS\Everest\Everest.exe.xml QT_ARE@TEC10GP = REFERENCIAS\Everest\Everest.exe.xml QT_ARE@TEC10GP
		REFERENCIAS\Everest\Everest.exe.xml QT_ARE@WINDESA = REFERENCIAS\Everest\Everest.exe.xml QT_ARE@WINDESA
		REFERENCIAS\Everest\Everest.exe.xml QT_MP@WINEDSA = REFERENCIAS\Everest\Everest.exe.xml QT_MP@WINEDSA
		REFERENCIAS\Everest\Everest.exe.xml QT_PRX@TEC10GP = REFERENCIAS\Everest\Everest.exe.xml QT_PRX@TEC10GP
		REFERENCIAS\Everest\Everest.exe.xml_desa = REFERENCIAS\Everest\Everest.exe.xml_desa
		REFERENCIAS\Everest.ico = REFERENCIAS\Everest.ico
		REFERENCIAS\GMap.NET.Core.dll = REFERENCIAS\GMap.NET.Core.dll
		REFERENCIAS\GMap.NET.WindowsForms.dll = REFERENCIAS\GMap.NET.WindowsForms.dll
		REFERENCIAS\HM.Comun.Agentes.dll = REFERENCIAS\HM.Comun.Agentes.dll
		REFERENCIAS\HM.Comun.Compresion.dll = REFERENCIAS\HM.Comun.Compresion.dll
		REFERENCIAS\HM.Comun.DeclaracionesGlobales.dll = REFERENCIAS\HM.Comun.DeclaracionesGlobales.dll
		REFERENCIAS\HM.Comun.Excepciones.dll = REFERENCIAS\HM.Comun.Excepciones.dll
		REFERENCIAS\HM.Comun.ExecutionArchitecture.dll = REFERENCIAS\HM.Comun.ExecutionArchitecture.dll
		REFERENCIAS\HM.Comun.OracleODP.dll = REFERENCIAS\HM.Comun.OracleODP.dll
		REFERENCIAS\HM.Comun.OracleODPOpen.dll = REFERENCIAS\HM.Comun.OracleODPOpen.dll
		REFERENCIAS\HM.Comun.Persistencia.dll = REFERENCIAS\HM.Comun.Persistencia.dll
		REFERENCIAS\HM.Comun.Persistencia.Entidad.dll = REFERENCIAS\HM.Comun.Persistencia.Entidad.dll
		REFERENCIAS\HM.Comun.Seguridad.dll = REFERENCIAS\HM.Comun.Seguridad.dll
		REFERENCIAS\HM.Comun.Servicios.dll = REFERENCIAS\HM.Comun.Servicios.dll
		REFERENCIAS\HM.Comun.SolutionEntityFramework.dll = REFERENCIAS\HM.Comun.SolutionEntityFramework.dll
		REFERENCIAS\HM.Comun.Utilidades.dll = REFERENCIAS\HM.Comun.Utilidades.dll
		REFERENCIAS\HM.Comun.Varios.dll = REFERENCIAS\HM.Comun.Varios.dll
		REFERENCIAS\HM.Contratos.dll = REFERENCIAS\HM.Contratos.dll
		REFERENCIAS\HM.FaxMail.dll = REFERENCIAS\HM.FaxMail.dll
		REFERENCIAS\HM.Forms.dll = REFERENCIAS\HM.Forms.dll
		REFERENCIAS\HM.FormsVB.dll = REFERENCIAS\HM.FormsVB.dll
		REFERENCIAS\HM.GestorDocumental.Agentes.dll = REFERENCIAS\HM.GestorDocumental.Agentes.dll
		REFERENCIAS\HM.GestorDocumental.dll = REFERENCIAS\HM.GestorDocumental.dll
		REFERENCIAS\HM.Localizacion.AR.dll = REFERENCIAS\HM.Localizacion.AR.dll
		REFERENCIAS\HM.Localizacion.dll = REFERENCIAS\HM.Localizacion.dll
		REFERENCIAS\HM.LocalizacionServidor.dll = REFERENCIAS\HM.LocalizacionServidor.dll
		REFERENCIAS\HM.MINER.Cliente.Agentes.dll = REFERENCIAS\HM.MINER.Cliente.Agentes.dll
		REFERENCIAS\HM.MINER.Cliente.dll = REFERENCIAS\HM.MINER.Cliente.dll
		REFERENCIAS\HM.MINER.Contratos.dll = REFERENCIAS\HM.MINER.Contratos.dll
		REFERENCIAS\HM.MINER.Expresiones.dll = REFERENCIAS\HM.MINER.Expresiones.dll
		REFERENCIAS\HM.MMS.Agentes.pdb = REFERENCIAS\HM.MMS.Agentes.pdb
		REFERENCIAS\HM.MMS.AR.Client.Agentes.dll = REFERENCIAS\HM.MMS.AR.Client.Agentes.dll
		REFERENCIAS\HM.MMS.AR.Client.Agentes.dll.config = REFERENCIAS\HM.MMS.AR.Client.Agentes.dll.config
		REFERENCIAS\HM.MMS.AR.Client.Agentes.dll.old = REFERENCIAS\HM.MMS.AR.Client.Agentes.dll.old
		REFERENCIAS\HM.MMS.AR.Client.Agentes_old.dll = REFERENCIAS\HM.MMS.AR.Client.Agentes_old.dll
		REFERENCIAS\HM.MMS.AR.Client.Reportes.dll = REFERENCIAS\HM.MMS.AR.Client.Reportes.dll
		REFERENCIAS\HM.MMS.AR.Client.View.Compras.dll = REFERENCIAS\HM.MMS.AR.Client.View.Compras.dll
		REFERENCIAS\HM.MMS.AR.Client.View.Confirmacion.dll = REFERENCIAS\HM.MMS.AR.Client.View.Confirmacion.dll
		REFERENCIAS\HM.MMS.AR.Client.View.MotorCalculo.dll = REFERENCIAS\HM.MMS.AR.Client.View.MotorCalculo.dll
		REFERENCIAS\HM.MMS.AR.Client.View.Negociacion.dll = REFERENCIAS\HM.MMS.AR.Client.View.Negociacion.dll
		REFERENCIAS\HM.MMS.AR.Client.View.Ordenes.dll = REFERENCIAS\HM.MMS.AR.Client.View.Ordenes.dll
		REFERENCIAS\HM.MMS.AR.Client.View.Planificacion.dll = REFERENCIAS\HM.MMS.AR.Client.View.Planificacion.dll
		REFERENCIAS\HM.MMS.AR.Comun.dll = REFERENCIAS\HM.MMS.AR.Comun.dll
		REFERENCIAS\HM.MMS.AR.Server.BusinessComponent.Compras.dll = REFERENCIAS\HM.MMS.AR.Server.BusinessComponent.Compras.dll
		REFERENCIAS\HM.MMS.AR.Server.BusinessComponent.Confirmacion.dll = REFERENCIAS\HM.MMS.AR.Server.BusinessComponent.Confirmacion.dll
		REFERENCIAS\HM.MMS.AR.Server.BusinessComponent.Control.dll = REFERENCIAS\HM.MMS.AR.Server.BusinessComponent.Control.dll
		REFERENCIAS\HM.MMS.AR.Server.BusinessComponent.Maestros.dll = REFERENCIAS\HM.MMS.AR.Server.BusinessComponent.Maestros.dll
		REFERENCIAS\HM.MMS.AR.Server.BusinessEntity.Control.dll = REFERENCIAS\HM.MMS.AR.Server.BusinessEntity.Control.dll
		REFERENCIAS\HM.MMS.AR.Server.BusinessEntity.Ordenes.dll = REFERENCIAS\HM.MMS.AR.Server.BusinessEntity.Ordenes.dll
		REFERENCIAS\HM.MMS.AR.Server.Service.Compras.dll = REFERENCIAS\HM.MMS.AR.Server.Service.Compras.dll
		REFERENCIAS\HM.MMS.AR.Server.Service.Control.dll = REFERENCIAS\HM.MMS.AR.Server.Service.Control.dll
		REFERENCIAS\HM.MMS.AR.Server.Service.dll = REFERENCIAS\HM.MMS.AR.Server.Service.dll
		REFERENCIAS\HM.MMS.AR.Server.Service.Maestros.dll = REFERENCIAS\HM.MMS.AR.Server.Service.Maestros.dll
		REFERENCIAS\HM.MMS.AR.TestProjects.dll = REFERENCIAS\HM.MMS.AR.TestProjects.dll
		REFERENCIAS\HM.MMS.Cliente.Compra.AR.dll = REFERENCIAS\HM.MMS.Cliente.Compra.AR.dll
		REFERENCIAS\HM.MMS.Cliente.Comun.dll = REFERENCIAS\HM.MMS.Cliente.Comun.dll
		REFERENCIAS\HM.MMS.Cliente.Comun.ES.dll = REFERENCIAS\HM.MMS.Cliente.Comun.ES.dll
		REFERENCIAS\HM.MMS.Cliente.Comun.pdb = REFERENCIAS\HM.MMS.Cliente.Comun.pdb
		REFERENCIAS\HM.MMS.Cliente.Confirmacion.dll = REFERENCIAS\HM.MMS.Cliente.Confirmacion.dll
		REFERENCIAS\HM.MMS.Cliente.CRM.dll = REFERENCIAS\HM.MMS.Cliente.CRM.dll
		REFERENCIAS\HM.MMS.Cliente.Informes.dll = REFERENCIAS\HM.MMS.Cliente.Informes.dll
		REFERENCIAS\HM.MMS.Cliente.Maestros.dll = REFERENCIAS\HM.MMS.Cliente.Maestros.dll
		REFERENCIAS\HM.MMS.Cliente.Navegacion.AR.dll = REFERENCIAS\HM.MMS.Cliente.Navegacion.AR.dll
		REFERENCIAS\HM.MMS.Cliente.Navegacion.dll = REFERENCIAS\HM.MMS.Cliente.Navegacion.dll
		REFERENCIAS\HM.MMS.Cliente.OperacionesNegocio.dll = REFERENCIAS\HM.MMS.Cliente.OperacionesNegocio.dll
		REFERENCIAS\HM.MMS.Cliente.Planificacion.dll = REFERENCIAS\HM.MMS.Cliente.Planificacion.dll
		REFERENCIAS\HM.MMS.Cliente.Proveedores.dll = REFERENCIAS\HM.MMS.Cliente.Proveedores.dll
		REFERENCIAS\HM.MMS.Cliente.Seguridad.dll = REFERENCIAS\HM.MMS.Cliente.Seguridad.dll
		REFERENCIAS\HM.MMS.Cliente.Tarifas.dll = REFERENCIAS\HM.MMS.Cliente.Tarifas.dll
		REFERENCIAS\HM.MMS.Cliente.Telefonica.dll = REFERENCIAS\HM.MMS.Cliente.Telefonica.dll
		REFERENCIAS\HM.MMS.Core.Client.BusinessComponent.MotorCalculo.dll = REFERENCIAS\HM.MMS.Core.Client.BusinessComponent.MotorCalculo.dll
		REFERENCIAS\HM.MMS.Core.Client.View.Maestros.dll = REFERENCIAS\HM.MMS.Core.Client.View.Maestros.dll
		REFERENCIAS\HM.MMS.Core.Server.BusinessComponent.Ordenes.dll = REFERENCIAS\HM.MMS.Core.Server.BusinessComponent.Ordenes.dll
		REFERENCIAS\HM.MMS.Core.Server.BusinessEntity.Clientes.dll = REFERENCIAS\HM.MMS.Core.Server.BusinessEntity.Clientes.dll
		REFERENCIAS\HM.MMS.Core.Server.BusinessEntity.Configuracion.dll = REFERENCIAS\HM.MMS.Core.Server.BusinessEntity.Configuracion.dll
		REFERENCIAS\HM.MMS.Core.Server.BusinessEntity.Maestro.dll = REFERENCIAS\HM.MMS.Core.Server.BusinessEntity.Maestro.dll
		REFERENCIAS\HM.MMS.Core.Server.BusinessEntity.MotorCalculo.dll = REFERENCIAS\HM.MMS.Core.Server.BusinessEntity.MotorCalculo.dll
		REFERENCIAS\HM.MMS.Core.Server.BusinessEntity.Ordenes.dll = REFERENCIAS\HM.MMS.Core.Server.BusinessEntity.Ordenes.dll
		REFERENCIAS\HM.MMS.Core.Server.BusinessEntity.Seguridad.dll = REFERENCIAS\HM.MMS.Core.Server.BusinessEntity.Seguridad.dll
		REFERENCIAS\HM.MMS.ES.Client.BusinessComponent.Configuracion.dll = REFERENCIAS\HM.MMS.ES.Client.BusinessComponent.Configuracion.dll
		REFERENCIAS\HM.MMS.ES.Client.BusinessComponent.EDI.dll = REFERENCIAS\HM.MMS.ES.Client.BusinessComponent.EDI.dll
		REFERENCIAS\HM.MMS.ES.Client.BusinessComponent.MotorCalculo.dll = REFERENCIAS\HM.MMS.ES.Client.BusinessComponent.MotorCalculo.dll
		REFERENCIAS\HM.MMS.ES.Client.BusinessComponent.Planificacion.dll = REFERENCIAS\HM.MMS.ES.Client.BusinessComponent.Planificacion.dll
		REFERENCIAS\HM.MMS.ES.Client.Presenter.Compras.dll = REFERENCIAS\HM.MMS.ES.Client.Presenter.Compras.dll
		REFERENCIAS\HM.MMS.ES.Client.Presenter.Confirmacion.dll = REFERENCIAS\HM.MMS.ES.Client.Presenter.Confirmacion.dll
		REFERENCIAS\HM.MMS.ES.Client.Presenter.EDI.dll = REFERENCIAS\HM.MMS.ES.Client.Presenter.EDI.dll
		REFERENCIAS\HM.MMS.ES.Client.Presenter.Planificacion.dll = REFERENCIAS\HM.MMS.ES.Client.Presenter.Planificacion.dll
		REFERENCIAS\HM.MMS.ES.Client.Report.Excel.EDI.dll = REFERENCIAS\HM.MMS.ES.Client.Report.Excel.EDI.dll
		REFERENCIAS\HM.MMS.ES.Client.Report.Planificacion.dll = REFERENCIAS\HM.MMS.ES.Client.Report.Planificacion.dll
		REFERENCIAS\HM.MMS.ES.Client.View.EDI.dll = REFERENCIAS\HM.MMS.ES.Client.View.EDI.dll
		REFERENCIAS\HM.MMS.ES.Server.BusinessComponent.Compras.dll = REFERENCIAS\HM.MMS.ES.Server.BusinessComponent.Compras.dll
		REFERENCIAS\HM.MMS.ES.Server.BusinessEntity.Compras.dll = REFERENCIAS\HM.MMS.ES.Server.BusinessEntity.Compras.dll
		REFERENCIAS\HM.MMS.ES.Server.BusinessEntity.Configuracion.dll = REFERENCIAS\HM.MMS.ES.Server.BusinessEntity.Configuracion.dll
		REFERENCIAS\HM.MMS.ES.Server.BusinessEntity.Confirmacion.dll = REFERENCIAS\HM.MMS.ES.Server.BusinessEntity.Confirmacion.dll
		REFERENCIAS\HM.MMS.ES.Server.BusinessEntity.EDI.dll = REFERENCIAS\HM.MMS.ES.Server.BusinessEntity.EDI.dll
		REFERENCIAS\HM.MMS.ES.Server.BusinessEntity.MotorCalculo.dll = REFERENCIAS\HM.MMS.ES.Server.BusinessEntity.MotorCalculo.dll
		REFERENCIAS\HM.MMS.ES.Server.BusinessEntity.Negociacion.dll = REFERENCIAS\HM.MMS.ES.Server.BusinessEntity.Negociacion.dll
		REFERENCIAS\HM.MMS.ES.Server.BusinessEntity.Planificacion.dll = REFERENCIAS\HM.MMS.ES.Server.BusinessEntity.Planificacion.dll
		REFERENCIAS\HM.MMS.ES.Server.BusinessEntity.Tarifas.dll = REFERENCIAS\HM.MMS.ES.Server.BusinessEntity.Tarifas.dll
		REFERENCIAS\HM.MMS.Servidor.Base.dll = REFERENCIAS\HM.MMS.Servidor.Base.dll
		REFERENCIAS\HM.MMS.Servidor.Comun.dll = REFERENCIAS\HM.MMS.Servidor.Comun.dll
		REFERENCIAS\HM.Recursos.dll = REFERENCIAS\HM.Recursos.dll
		REFERENCIAS\HM.SeguridadCS.dll = REFERENCIAS\HM.SeguridadCS.dll
		REFERENCIAS\HM.Transcoder.Cliente.dll = REFERENCIAS\HM.Transcoder.Cliente.dll
		REFERENCIAS\HM.Transcoder.Comun.dll = REFERENCIAS\HM.Transcoder.Comun.dll
		REFERENCIAS\HM.Transcoder.Servidor.dll = REFERENCIAS\HM.Transcoder.Servidor.dll
		REFERENCIAS\HM.UtilidadesServidor.dll = REFERENCIAS\HM.UtilidadesServidor.dll
		REFERENCIAS\Interop.DynamiCubeLib.dll = REFERENCIAS\Interop.DynamiCubeLib.dll
		REFERENCIAS\Interop.Excel.dll = REFERENCIAS\Interop.Excel.dll
		REFERENCIAS\Everest\Interop.Excel.dll = REFERENCIAS\Everest\Interop.Excel.dll
		REFERENCIAS\Everest\Interop.Microsoft.Office.Core.dll = REFERENCIAS\Everest\Interop.Microsoft.Office.Core.dll
		REFERENCIAS\Everest\Interop.Microsoft.Office.Interop.Excel.dll = REFERENCIAS\Everest\Interop.Microsoft.Office.Interop.Excel.dll
		REFERENCIAS\Everest\Interop.MotorSimulador.dll = REFERENCIAS\Everest\Interop.MotorSimulador.dll
		REFERENCIAS\Everest\Interop.Office.dll = REFERENCIAS\Everest\Interop.Office.dll
		REFERENCIAS\Everest\Interop.prjJanChart.dll = REFERENCIAS\Everest\Interop.prjJanChart.dll
		REFERENCIAS\Everest\Interop.StdType.dll = REFERENCIAS\Everest\Interop.StdType.dll
		REFERENCIAS\Interop.UDCWRAPPERLib.dll = REFERENCIAS\Interop.UDCWRAPPERLib.dll
		REFERENCIAS\Everest\Interop.VCF150.dll = REFERENCIAS\Everest\Interop.VCF150.dll
		REFERENCIAS\Interop.WMPLib.dll = REFERENCIAS\Interop.WMPLib.dll
		REFERENCIAS\Microsoft.Office.Interop.Excel.dll = REFERENCIAS\Microsoft.Office.Interop.Excel.dll
		REFERENCIAS\Everest\Microsoft.Office.Interop.Excel.dll = REFERENCIAS\Everest\Microsoft.Office.Interop.Excel.dll
		REFERENCIAS\Microsoft.Practices.EnterpriseLibrary.Caching.dll = REFERENCIAS\Microsoft.Practices.EnterpriseLibrary.Caching.dll
		REFERENCIAS\Microsoft.Practices.EnterpriseLibrary.Common.dll = REFERENCIAS\Microsoft.Practices.EnterpriseLibrary.Common.dll
		REFERENCIAS\Microsoft.Practices.EnterpriseLibrary.Data.dll = REFERENCIAS\Microsoft.Practices.EnterpriseLibrary.Data.dll
		REFERENCIAS\Microsoft.Practices.EnterpriseLibrary.ExceptionHandling.dll = REFERENCIAS\Microsoft.Practices.EnterpriseLibrary.ExceptionHandling.dll
		REFERENCIAS\Microsoft.Practices.EnterpriseLibrary.ExceptionHandling.Logging.dll = REFERENCIAS\Microsoft.Practices.EnterpriseLibrary.ExceptionHandling.Logging.dll
		REFERENCIAS\Microsoft.Practices.EnterpriseLibrary.ExceptionHandling.WCF.dll = REFERENCIAS\Microsoft.Practices.EnterpriseLibrary.ExceptionHandling.WCF.dll
		REFERENCIAS\Microsoft.Practices.EnterpriseLibrary.Logging.Database.dll = REFERENCIAS\Microsoft.Practices.EnterpriseLibrary.Logging.Database.dll
		REFERENCIAS\Microsoft.Practices.ObjectBuilder.dll = REFERENCIAS\Microsoft.Practices.ObjectBuilder.dll
		REFERENCIAS\Microsoft.Vbe.Interop.dll = REFERENCIAS\Microsoft.Vbe.Interop.dll
		REFERENCIAS\MPG.Agentes.dll = REFERENCIAS\MPG.Agentes.dll
		REFERENCIAS\MPG.Facturacion.dll = REFERENCIAS\MPG.Facturacion.dll
		REFERENCIAS\MPG.Forms.dll = REFERENCIAS\MPG.Forms.dll
		REFERENCIAS\MPG.UserBDNet.dll = REFERENCIAS\MPG.UserBDNet.dll
		REFERENCIAS\office.dll = REFERENCIAS\office.dll
		REFERENCIAS\Everest\Oracle.DataAccess.dll = REFERENCIAS\Everest\Oracle.DataAccess.dll
		REFERENCIAS\PdfSharp.dll = REFERENCIAS\PdfSharp.dll
		REFERENCIAS\VintaSoft.Twain.dll = REFERENCIAS\VintaSoft.Twain.dll
	EndProjectSection
EndProject
Project("{2150E333-8FDC-42A3-9474-1A3956D46DE8}") = "AdmediaComponente", "AdmediaComponente", "{B244CB36-D0AD-4C4F-8CC1-E27F61278734}"
EndProject
Project("{FAE04EC0-301F-11D3-BF4B-00C04F79EFBC}") = "Admedia", "Admedia\Admedia.csproj", "{8B15DFF5-BDB8-43C2-B263-638B67DFCEBC}"
EndProject
Project("{FAE04EC0-301F-11D3-BF4B-00C04F79EFBC}") = "Admedia.DAL", "Admedia.DAL\Admedia.DAL.csproj", "{ACC65874-1783-4611-8B12-F5A70B81F01F}"
EndProject
Project("{FAE04EC0-301F-11D3-BF4B-00C04F79EFBC}") = "Admedia.DBL", "Admedia.DBL\Admedia.DBL.csproj", "{F68C7819-CE62-4D87-9167-71E972534206}"
EndProject
Project("{FAE04EC0-301F-11D3-BF4B-00C04F79EFBC}") = "Admedia.Entidad", "Admedia.Entidad\Admedia.Entidad.csproj", "{FCDFCAA8-28AE-43CA-AF55-C0058A73C79A}"
	ProjectSection(ProjectDependencies) = postProject
		{E00D9114-7183-4AD0-BFBA-5DDD3B2046A7} = {E00D9114-7183-4AD0-BFBA-5DDD3B2046A7}
		{F68C7819-CE62-4D87-9167-71E972534206} = {F68C7819-CE62-4D87-9167-71E972534206}
		{D8106E49-ECF3-4ECB-B4A2-172DC2F5F78F} = {D8106E49-ECF3-4ECB-B4A2-172DC2F5F78F}
		{ACC65874-1783-4611-8B12-F5A70B81F01F} = {ACC65874-1783-4611-8B12-F5A70B81F01F}
		{1E5A1777-96B5-45B3-84A5-5AAFE21BA0FA} = {1E5A1777-96B5-45B3-84A5-5AAFE21BA0FA}
		{35CF9F8E-7FDE-4889-A8DF-52825CCCEBD4} = {35CF9F8E-7FDE-4889-A8DF-52825CCCEBD4}
		{8D80F0B3-6626-42FC-A7C4-51399CD4AB23} = {8D80F0B3-6626-42FC-A7C4-51399CD4AB23}
		{4358D9C5-B78C-4E91-9279-05CCE29EE9C8} = {4358D9C5-B78C-4E91-9279-05CCE29EE9C8}
		{1000C9CD-0CA9-4A92-9FEE-1723E43391C7} = {1000C9CD-0CA9-4A92-9FEE-1723E43391C7}
		{8B15DFF5-BDB8-43C2-B263-638B67DFCEBC} = {8B15DFF5-BDB8-43C2-B263-638B67DFCEBC}
	EndProjectSection
EndProject
Project("{2150E333-8FDC-42A3-9474-1A3956D46DE8}") = "Vts", "Vts", "{05F9BA44-6C22-46C7-87AE-8A1BB872A18F}"
EndProject
Project("{2150E333-8FDC-42A3-9474-1A3956D46DE8}") = "MPG", "MPG", "{DC2D8CC1-D4CF-4567-B01D-4BE0CB1C54DC}"
	ProjectSection(SolutionItems) = preProject
		REFERENCIAS\VTS\MPG\caldiarionuevo.vts = REFERENCIAS\VTS\MPG\caldiarionuevo.vts
		REFERENCIAS\VTS\MPG\caldiarionuevopr.vts = REFERENCIAS\VTS\MPG\caldiarionuevopr.vts
		REFERENCIAS\VTS\MPG\caldiarionuevovp.vts = REFERENCIAS\VTS\MPG\caldiarionuevovp.vts
		REFERENCIAS\VTS\MPG\ControlFinanzasHavasMedia.bmp = REFERENCIAS\VTS\MPG\ControlFinanzasHavasMedia.bmp
		REFERENCIAS\VTS\MPG\Reporte_CPR_MPG.vts = REFERENCIAS\VTS\MPG\Reporte_CPR_MPG.vts
		REFERENCIAS\VTS\MPG\Reporte_CPR_MPG_.vts = REFERENCIAS\VTS\MPG\Reporte_CPR_MPG_.vts
		REFERENCIAS\VTS\MPG\reporte_motorp.vts = REFERENCIAS\VTS\MPG\reporte_motorp.vts
		REFERENCIAS\VTS\MPG\reportecontrol.vts = REFERENCIAS\VTS\MPG\reportecontrol.vts
		REFERENCIAS\VTS\MPG\resumen_economico.vts = REFERENCIAS\VTS\MPG\resumen_economico.vts
		REFERENCIAS\VTS\MPG\resumen_economico_radio.vts = REFERENCIAS\VTS\MPG\resumen_economico_radio.vts
		REFERENCIAS\VTS\MPG\resumen_por_programa.vts = REFERENCIAS\VTS\MPG\resumen_por_programa.vts
	EndProjectSection
EndProject
Project("{2150E333-8FDC-42A3-9474-1A3956D46DE8}") = "HSP", "HSP", "{4B37433C-72BF-4509-91ED-8D5822F80C68}"
EndProject
Project("{2150E333-8FDC-42A3-9474-1A3956D46DE8}") = "ARE", "ARE", "{7D1A35D6-34B3-4AA7-9F75-4A4567B5375F}"
	ProjectSection(SolutionItems) = preProject
		REFERENCIAS\VTS\ARE\caldiarionuevoAre.vts = REFERENCIAS\VTS\ARE\caldiarionuevoAre.vts
		REFERENCIAS\VTS\ARE\caldiarionuevoArevp.vts = REFERENCIAS\VTS\ARE\caldiarionuevoArevp.vts
		REFERENCIAS\VTS\ARE\ControlFinanzasArena.bmp = REFERENCIAS\VTS\ARE\ControlFinanzasArena.bmp
		REFERENCIAS\VTS\ARE\Reporte_CPR_Are.vts = REFERENCIAS\VTS\ARE\Reporte_CPR_Are.vts
		REFERENCIAS\VTS\ARE\reportecontrol.vts = REFERENCIAS\VTS\ARE\reportecontrol.vts
		REFERENCIAS\VTS\ARE\resumen_economico_radio.vts = REFERENCIAS\VTS\ARE\resumen_economico_radio.vts
		REFERENCIAS\VTS\ARE\resumen_economicoAre.vts = REFERENCIAS\VTS\ARE\resumen_economicoAre.vts
		REFERENCIAS\VTS\ARE\resumen_economicoAre_radio.vts = REFERENCIAS\VTS\ARE\resumen_economicoAre_radio.vts
		REFERENCIAS\VTS\ARE\resumen_por_programaAre.vts = REFERENCIAS\VTS\ARE\resumen_por_programaAre.vts
	EndProjectSection
EndProject
Project("{2150E333-8FDC-42A3-9474-1A3956D46DE8}") = "MC", "MC", "{0F459D3D-A38C-4B73-BB21-88F1484DF24A}"
	ProjectSection(SolutionItems) = preProject
		REFERENCIAS\VTS\MC\caldiarionuevoint.vts = REFERENCIAS\VTS\MC\caldiarionuevoint.vts
		REFERENCIAS\VTS\MC\Imagenes\Confirmacion.ico = REFERENCIAS\VTS\MC\Imagenes\Confirmacion.ico
		REFERENCIAS\VTS\MC\ControlFinanzasHavasMedia.bmp = REFERENCIAS\VTS\MC\ControlFinanzasHavasMedia.bmp
		REFERENCIAS\VTS\MC\Imagenes\Edicion.ico = REFERENCIAS\VTS\MC\Imagenes\Edicion.ico
		REFERENCIAS\VTS\MC\Imagenes\EdicionGuardar.ico = REFERENCIAS\VTS\MC\Imagenes\EdicionGuardar.ico
		REFERENCIAS\VTS\MC\Grilla.vts = REFERENCIAS\VTS\MC\Grilla.vts
		REFERENCIAS\VTS\MC\Imagenes\Guardar.ico = REFERENCIAS\VTS\MC\Imagenes\Guardar.ico
	EndProjectSection
EndProject
Project("{2150E333-8FDC-42A3-9474-1A3956D46DE8}") = "PRX", "PRX", "{C8DDDEF7-ACE8-4EDD-8227-6FBF645EC91A}"
	ProjectSection(SolutionItems) = preProject
		REFERENCIAS\VTS\PRX\caldiarionuevoProx.vts = REFERENCIAS\VTS\PRX\caldiarionuevoProx.vts
	EndProjectSection
EndProject
Project("{2150E333-8FDC-42A3-9474-1A3956D46DE8}") = "comun", "comun", "{E0528D2D-C14F-4A58-A721-74E8B6E18F96}"
	ProjectSection(SolutionItems) = preProject
		REFERENCIAS\VTS\Comun\calendariolog.vts = REFERENCIAS\VTS\Comun\calendariolog.vts
		REFERENCIAS\VTS\Comun\reporte monitor.vts = REFERENCIAS\VTS\Comun\reporte monitor.vts
		QUETOOL\bin\x86\Debug\Comun\reporte monitor.vts = QUETOOL\bin\x86\Debug\Comun\reporte monitor.vts
		REFERENCIAS\VTS\Comun\reporte_convenio.vts = REFERENCIAS\VTS\Comun\reporte_convenio.vts
		REFERENCIAS\VTS\Comun\reporte_motorp.vts = REFERENCIAS\VTS\Comun\reporte_motorp.vts
		REFERENCIAS\VTS\Comun\reportecontrol.vts = REFERENCIAS\VTS\Comun\reportecontrol.vts
		QUETOOL\bin\x86\Debug\Comun\reportecontrol.vts = QUETOOL\bin\x86\Debug\Comun\reportecontrol.vts
		REFERENCIAS\VTS\Comun\ReporteTarifasPromedio.vts = REFERENCIAS\VTS\Comun\ReporteTarifasPromedio.vts
		REFERENCIAS\VTS\Comun\ReporteTarifasTV.vts = REFERENCIAS\VTS\Comun\ReporteTarifasTV.vts
	EndProjectSection
EndProject
Global
	GlobalSection(TeamFoundationVersionControl) = preSolution
		SccNumberOfProjects = 12
		SccEnterpriseProvider = {4CA58AB2-18FA-4F8D-95D4-32DDF27D184C}
		SccTeamFoundationServer = http://tfsbas01:8080/tfs/havas_ar
		SccLocalPath0 = .
		SccProjectUniqueName1 = Admedia.DAL\\Admedia.DAL.csproj
		SccProjectTopLevelParentUniqueName1 = MPG.sln
		SccProjectName1 = Admedia.DAL
		SccLocalPath1 = Admedia.DAL
		SccProjectUniqueName2 = Admedia.DBL\\Admedia.DBL.csproj
		SccProjectTopLevelParentUniqueName2 = MPG.sln
		SccProjectName2 = Admedia.DBL
		SccLocalPath2 = Admedia.DBL
		SccProjectUniqueName3 = Admedia.Entidad\\Admedia.Entidad.csproj
		SccProjectTopLevelParentUniqueName3 = MPG.sln
		SccProjectName3 = Admedia.Entidad
		SccLocalPath3 = Admedia.Entidad
		SccProjectUniqueName4 = Admedia\\Admedia.csproj
		SccProjectTopLevelParentUniqueName4 = MPG.sln
		SccProjectName4 = Admedia
		SccLocalPath4 = Admedia
		SccProjectUniqueName5 = DAL\\DAL.vbproj
		SccProjectName5 = DAL
		SccLocalPath5 = DAL
		SccProjectUniqueName6 = DBL\\DBL.vbproj
		SccProjectName6 = DBL
		SccLocalPath6 = DBL
		SccProjectUniqueName7 = Excepciones\\Excepciones.vbproj
		SccProjectName7 = Excepciones
		SccLocalPath7 = Excepciones
		SccProjectUniqueName8 = Framework\\Framework.vbproj
		SccProjectName8 = Framework
		SccLocalPath8 = Framework
		SccProjectUniqueName9 = MSL\\MSL.csproj
		SccProjectName9 = MSL
		SccLocalPath9 = MSL
		SccProjectUniqueName10 = QUETOOL\\QueTool.vbproj
		SccProjectName10 = QUETOOL
		SccLocalPath10 = QUETOOL
		SccProjectUniqueName11 = SIM\\SIM.csproj
		SccProjectName11 = SIM
		SccLocalPath11 = SIM
	EndGlobalSection
	GlobalSection(SolutionConfigurationPlatforms) = preSolution
		Debug|Any CPU = Debug|Any CPU
		Debug|x86 = Debug|x86
		Release|Any CPU = Release|Any CPU
		Release|x86 = Release|x86
	EndGlobalSection
	GlobalSection(ProjectConfigurationPlatforms) = postSolution
		{4358D9C5-B78C-4E91-9279-05CCE29EE9C8}.Debug|Any CPU.ActiveCfg = Debug|Any CPU
		{4358D9C5-B78C-4E91-9279-05CCE29EE9C8}.Debug|Any CPU.Build.0 = Debug|Any CPU
		{4358D9C5-B78C-4E91-9279-05CCE29EE9C8}.Debug|x86.ActiveCfg = Debug|x86
		{4358D9C5-B78C-4E91-9279-05CCE29EE9C8}.Debug|x86.Build.0 = Debug|x86
		{4358D9C5-B78C-4E91-9279-05CCE29EE9C8}.Release|Any CPU.ActiveCfg = Release|Any CPU
		{4358D9C5-B78C-4E91-9279-05CCE29EE9C8}.Release|Any CPU.Build.0 = Release|Any CPU
		{4358D9C5-B78C-4E91-9279-05CCE29EE9C8}.Release|x86.ActiveCfg = Release|x86
		{4358D9C5-B78C-4E91-9279-05CCE29EE9C8}.Release|x86.Build.0 = Release|x86
		{E00D9114-7183-4AD0-BFBA-5DDD3B2046A7}.Debug|Any CPU.ActiveCfg = Debug|Any CPU
		{E00D9114-7183-4AD0-BFBA-5DDD3B2046A7}.Debug|Any CPU.Build.0 = Debug|Any CPU
		{E00D9114-7183-4AD0-BFBA-5DDD3B2046A7}.Debug|x86.ActiveCfg = Debug|x86
		{E00D9114-7183-4AD0-BFBA-5DDD3B2046A7}.Debug|x86.Build.0 = Debug|x86
		{E00D9114-7183-4AD0-BFBA-5DDD3B2046A7}.Release|Any CPU.ActiveCfg = Release|Any CPU
		{E00D9114-7183-4AD0-BFBA-5DDD3B2046A7}.Release|Any CPU.Build.0 = Release|Any CPU
		{E00D9114-7183-4AD0-BFBA-5DDD3B2046A7}.Release|x86.ActiveCfg = Release|x86
		{E00D9114-7183-4AD0-BFBA-5DDD3B2046A7}.Release|x86.Build.0 = Release|x86
		{8D80F0B3-6626-42FC-A7C4-51399CD4AB23}.Debug|Any CPU.ActiveCfg = Debug|Any CPU
		{8D80F0B3-6626-42FC-A7C4-51399CD4AB23}.Debug|Any CPU.Build.0 = Debug|Any CPU
		{8D80F0B3-6626-42FC-A7C4-51399CD4AB23}.Debug|x86.ActiveCfg = Debug|x86
		{8D80F0B3-6626-42FC-A7C4-51399CD4AB23}.Debug|x86.Build.0 = Debug|x86
		{8D80F0B3-6626-42FC-A7C4-51399CD4AB23}.Release|Any CPU.ActiveCfg = Release|Any CPU
		{8D80F0B3-6626-42FC-A7C4-51399CD4AB23}.Release|Any CPU.Build.0 = Release|Any CPU
		{8D80F0B3-6626-42FC-A7C4-51399CD4AB23}.Release|x86.ActiveCfg = Release|x86
		{8D80F0B3-6626-42FC-A7C4-51399CD4AB23}.Release|x86.Build.0 = Release|x86
		{35CF9F8E-7FDE-4889-A8DF-52825CCCEBD4}.Debug|Any CPU.ActiveCfg = Debug|Any CPU
		{35CF9F8E-7FDE-4889-A8DF-52825CCCEBD4}.Debug|Any CPU.Build.0 = Debug|Any CPU
		{35CF9F8E-7FDE-4889-A8DF-52825CCCEBD4}.Debug|x86.ActiveCfg = Debug|x86
		{35CF9F8E-7FDE-4889-A8DF-52825CCCEBD4}.Debug|x86.Build.0 = Debug|x86
		{35CF9F8E-7FDE-4889-A8DF-52825CCCEBD4}.Release|Any CPU.ActiveCfg = Release|Any CPU
		{35CF9F8E-7FDE-4889-A8DF-52825CCCEBD4}.Release|Any CPU.Build.0 = Release|Any CPU
		{35CF9F8E-7FDE-4889-A8DF-52825CCCEBD4}.Release|x86.ActiveCfg = Release|x86
		{35CF9F8E-7FDE-4889-A8DF-52825CCCEBD4}.Release|x86.Build.0 = Release|x86
		{1E5A1777-96B5-45B3-84A5-5AAFE21BA0FA}.Debug|Any CPU.ActiveCfg = Debug|Any CPU
		{1E5A1777-96B5-45B3-84A5-5AAFE21BA0FA}.Debug|Any CPU.Build.0 = Debug|Any CPU
		{1E5A1777-96B5-45B3-84A5-5AAFE21BA0FA}.Debug|x86.ActiveCfg = Debug|x86
		{1E5A1777-96B5-45B3-84A5-5AAFE21BA0FA}.Debug|x86.Build.0 = Debug|x86
		{1E5A1777-96B5-45B3-84A5-5AAFE21BA0FA}.Release|Any CPU.ActiveCfg = Release|Any CPU
		{1E5A1777-96B5-45B3-84A5-5AAFE21BA0FA}.Release|Any CPU.Build.0 = Release|Any CPU
		{1E5A1777-96B5-45B3-84A5-5AAFE21BA0FA}.Release|x86.ActiveCfg = Release|x86
		{1E5A1777-96B5-45B3-84A5-5AAFE21BA0FA}.Release|x86.Build.0 = Release|x86
		{1000C9CD-0CA9-4A92-9FEE-1723E43391C7}.Debug|Any CPU.ActiveCfg = Debug|Any CPU
		{1000C9CD-0CA9-4A92-9FEE-1723E43391C7}.Debug|Any CPU.Build.0 = Debug|Any CPU
		{1000C9CD-0CA9-4A92-9FEE-1723E43391C7}.Debug|x86.ActiveCfg = Debug|x86
		{1000C9CD-0CA9-4A92-9FEE-1723E43391C7}.Debug|x86.Build.0 = Debug|x86
		{1000C9CD-0CA9-4A92-9FEE-1723E43391C7}.Release|Any CPU.ActiveCfg = Release|Any CPU
		{1000C9CD-0CA9-4A92-9FEE-1723E43391C7}.Release|Any CPU.Build.0 = Release|Any CPU
		{1000C9CD-0CA9-4A92-9FEE-1723E43391C7}.Release|x86.ActiveCfg = Release|x86
		{1000C9CD-0CA9-4A92-9FEE-1723E43391C7}.Release|x86.Build.0 = Release|x86
		{D8106E49-ECF3-4ECB-B4A2-172DC2F5F78F}.Debug|Any CPU.ActiveCfg = Debug|Any CPU
		{D8106E49-ECF3-4ECB-B4A2-172DC2F5F78F}.Debug|Any CPU.Build.0 = Debug|Any CPU
		{D8106E49-ECF3-4ECB-B4A2-172DC2F5F78F}.Debug|x86.ActiveCfg = Debug|x86
		{D8106E49-ECF3-4ECB-B4A2-172DC2F5F78F}.Debug|x86.Build.0 = Debug|x86
		{D8106E49-ECF3-4ECB-B4A2-172DC2F5F78F}.Release|Any CPU.ActiveCfg = Release|Any CPU
		{D8106E49-ECF3-4ECB-B4A2-172DC2F5F78F}.Release|Any CPU.Build.0 = Release|Any CPU
		{D8106E49-ECF3-4ECB-B4A2-172DC2F5F78F}.Release|x86.ActiveCfg = Release|x86
		{D8106E49-ECF3-4ECB-B4A2-172DC2F5F78F}.Release|x86.Build.0 = Release|x86
		{8B15DFF5-BDB8-43C2-B263-638B67DFCEBC}.Debug|Any CPU.ActiveCfg = Debug|Any CPU
		{8B15DFF5-BDB8-43C2-B263-638B67DFCEBC}.Debug|Any CPU.Build.0 = Debug|Any CPU
		{8B15DFF5-BDB8-43C2-B263-638B67DFCEBC}.Debug|x86.ActiveCfg = Debug|x86
		{8B15DFF5-BDB8-43C2-B263-638B67DFCEBC}.Debug|x86.Build.0 = Debug|x86
		{8B15DFF5-BDB8-43C2-B263-638B67DFCEBC}.Release|Any CPU.ActiveCfg = Release|Any CPU
		{8B15DFF5-BDB8-43C2-B263-638B67DFCEBC}.Release|Any CPU.Build.0 = Release|Any CPU
		{8B15DFF5-BDB8-43C2-B263-638B67DFCEBC}.Release|x86.ActiveCfg = Release|x86
		{8B15DFF5-BDB8-43C2-B263-638B67DFCEBC}.Release|x86.Build.0 = Release|x86
		{ACC65874-1783-4611-8B12-F5A70B81F01F}.Debug|Any CPU.ActiveCfg = Debug|Any CPU
		{ACC65874-1783-4611-8B12-F5A70B81F01F}.Debug|Any CPU.Build.0 = Debug|Any CPU
		{ACC65874-1783-4611-8B12-F5A70B81F01F}.Debug|x86.ActiveCfg = Debug|x86
		{ACC65874-1783-4611-8B12-F5A70B81F01F}.Debug|x86.Build.0 = Debug|x86
		{ACC65874-1783-4611-8B12-F5A70B81F01F}.Release|Any CPU.ActiveCfg = Release|Any CPU
		{ACC65874-1783-4611-8B12-F5A70B81F01F}.Release|Any CPU.Build.0 = Release|Any CPU
		{ACC65874-1783-4611-8B12-F5A70B81F01F}.Release|x86.ActiveCfg = Release|x86
		{ACC65874-1783-4611-8B12-F5A70B81F01F}.Release|x86.Build.0 = Release|x86
		{F68C7819-CE62-4D87-9167-71E972534206}.Debug|Any CPU.ActiveCfg = Debug|Any CPU
		{F68C7819-CE62-4D87-9167-71E972534206}.Debug|Any CPU.Build.0 = Debug|Any CPU
		{F68C7819-CE62-4D87-9167-71E972534206}.Debug|x86.ActiveCfg = Debug|x86
		{F68C7819-CE62-4D87-9167-71E972534206}.Debug|x86.Build.0 = Debug|x86
		{F68C7819-CE62-4D87-9167-71E972534206}.Release|Any CPU.ActiveCfg = Release|Any CPU
		{F68C7819-CE62-4D87-9167-71E972534206}.Release|Any CPU.Build.0 = Release|Any CPU
		{F68C7819-CE62-4D87-9167-71E972534206}.Release|x86.ActiveCfg = Release|x86
		{F68C7819-CE62-4D87-9167-71E972534206}.Release|x86.Build.0 = Release|x86
		{FCDFCAA8-28AE-43CA-AF55-C0058A73C79A}.Debug|Any CPU.ActiveCfg = Debug|Any CPU
		{FCDFCAA8-28AE-43CA-AF55-C0058A73C79A}.Debug|Any CPU.Build.0 = Debug|Any CPU
		{FCDFCAA8-28AE-43CA-AF55-C0058A73C79A}.Debug|x86.ActiveCfg = Debug|x86
		{FCDFCAA8-28AE-43CA-AF55-C0058A73C79A}.Debug|x86.Build.0 = Debug|x86
		{FCDFCAA8-28AE-43CA-AF55-C0058A73C79A}.Release|Any CPU.ActiveCfg = Release|Any CPU
		{FCDFCAA8-28AE-43CA-AF55-C0058A73C79A}.Release|Any CPU.Build.0 = Release|Any CPU
		{FCDFCAA8-28AE-43CA-AF55-C0058A73C79A}.Release|x86.ActiveCfg = Release|x86
		{FCDFCAA8-28AE-43CA-AF55-C0058A73C79A}.Release|x86.Build.0 = Release|x86
	EndGlobalSection
	GlobalSection(SolutionProperties) = preSolution
		HideSolutionNode = FALSE
	EndGlobalSection
	GlobalSection(NestedProjects) = preSolution
		{8B15DFF5-BDB8-43C2-B263-638B67DFCEBC} = {B244CB36-D0AD-4C4F-8CC1-E27F61278734}
		{ACC65874-1783-4611-8B12-F5A70B81F01F} = {B244CB36-D0AD-4C4F-8CC1-E27F61278734}
		{F68C7819-CE62-4D87-9167-71E972534206} = {B244CB36-D0AD-4C4F-8CC1-E27F61278734}
		{FCDFCAA8-28AE-43CA-AF55-C0058A73C79A} = {B244CB36-D0AD-4C4F-8CC1-E27F61278734}
		{DC2D8CC1-D4CF-4567-B01D-4BE0CB1C54DC} = {05F9BA44-6C22-46C7-87AE-8A1BB872A18F}
		{4B37433C-72BF-4509-91ED-8D5822F80C68} = {05F9BA44-6C22-46C7-87AE-8A1BB872A18F}
		{7D1A35D6-34B3-4AA7-9F75-4A4567B5375F} = {05F9BA44-6C22-46C7-87AE-8A1BB872A18F}
		{0F459D3D-A38C-4B73-BB21-88F1484DF24A} = {05F9BA44-6C22-46C7-87AE-8A1BB872A18F}
		{C8DDDEF7-ACE8-4EDD-8227-6FBF645EC91A} = {05F9BA44-6C22-46C7-87AE-8A1BB872A18F}
		{E0528D2D-C14F-4A58-A721-74E8B6E18F96} = {05F9BA44-6C22-46C7-87AE-8A1BB872A18F}
	EndGlobalSection
EndGlobal
